// !$*UTF8*$!
{
	archiveVersion = 1;
	classes = {
	};
	objectVersion = 51;
	objects = {

/* Begin PBXBuildFile section */
		79186C27254819BF00B084E2 /* FirestoreManager.swift in Sources */ = {isa = PBXBuildFile; fileRef = 79186C26254819BF00B084E2 /* FirestoreManager.swift */; };
		799359C2255AC3D500D5A16D /* ProfileViewController.swift in Sources */ = {isa = PBXBuildFile; fileRef = 799359C1255AC3D500D5A16D /* ProfileViewController.swift */; };
		79A6079F255C324900EBF9AE /* MainTabBarController.swift in Sources */ = {isa = PBXBuildFile; fileRef = 79A6079E255C324900EBF9AE /* MainTabBarController.swift */; };
		79A607A1255C38AE00EBF9AE /* ChatViewController.swift in Sources */ = {isa = PBXBuildFile; fileRef = 79A607A0255C38AE00EBF9AE /* ChatViewController.swift */; };
		79A607A3255C393F00EBF9AE /* MainScreenViewController.swift in Sources */ = {isa = PBXBuildFile; fileRef = 79A607A2255C393F00EBF9AE /* MainScreenViewController.swift */; };
		79EC01A9255C66C7006821D7 /* NavigationViewController.swift in Sources */ = {isa = PBXBuildFile; fileRef = 79EC01A8255C66C7006821D7 /* NavigationViewController.swift */; };
		BD109C2B2545EA0800EA76D6 /* CoreAssembly.swift in Sources */ = {isa = PBXBuildFile; fileRef = BD109C2A2545EA0800EA76D6 /* CoreAssembly.swift */; };
		BD109C2D2545EA2300EA76D6 /* ServicesAssembly.swift in Sources */ = {isa = PBXBuildFile; fileRef = BD109C2C2545EA2300EA76D6 /* ServicesAssembly.swift */; };
		BD109C2F2545EA3500EA76D6 /* PresentationAssembly.swift in Sources */ = {isa = PBXBuildFile; fileRef = BD109C2E2545EA3500EA76D6 /* PresentationAssembly.swift */; };
		BD109C352545EACC00EA76D6 /* UIColor+Utils.swift in Sources */ = {isa = PBXBuildFile; fileRef = BD109C342545EACC00EA76D6 /* UIColor+Utils.swift */; };
		BD8109672545F54E000CC4E4 /* HseStyleButton.swift in Sources */ = {isa = PBXBuildFile; fileRef = BD8109662545F54E000CC4E4 /* HseStyleButton.swift */; };
		BD89ED4125570CCC00F20B4B /* RootAssembly.swift in Sources */ = {isa = PBXBuildFile; fileRef = BD89ED4025570CCC00F20B4B /* RootAssembly.swift */; };
		BD89ED432557119A00F20B4B /* UIViewController+Utils.swift in Sources */ = {isa = PBXBuildFile; fileRef = BD89ED422557119A00F20B4B /* UIViewController+Utils.swift */; };
		BD89ED462557125000F20B4B /* LoginViewModel.swift in Sources */ = {isa = PBXBuildFile; fileRef = BD89ED452557125000F20B4B /* LoginViewModel.swift */; };
		C21113D5255AE795005CB68F /* PersonalData.swift in Sources */ = {isa = PBXBuildFile; fileRef = C21113D4255AE795005CB68F /* PersonalData.swift */; };
		C21113D7255B0840005CB68F /* Hasher.swift in Sources */ = {isa = PBXBuildFile; fileRef = C21113D6255B0840005CB68F /* Hasher.swift */; };
		C23F0E792559B632008EC202 /* LoginViewController.swift in Sources */ = {isa = PBXBuildFile; fileRef = C23F0E782559B632008EC202 /* LoginViewController.swift */; };
		F12C2EFF2553328600C26AED /* UnderlineTextField.swift in Sources */ = {isa = PBXBuildFile; fileRef = F12C2EFE2553328600C26AED /* UnderlineTextField.swift */; };
		F1326E1A2548A67800D317DE /* RegistrationViewController.swift in Sources */ = {isa = PBXBuildFile; fileRef = F1326E192548A67800D317DE /* RegistrationViewController.swift */; };
		F135D64F2534646F00D74201 /* AppDelegate.swift in Sources */ = {isa = PBXBuildFile; fileRef = F135D64E2534646F00D74201 /* AppDelegate.swift */; };
		F135D6582534647000D74201 /* Assets.xcassets in Resources */ = {isa = PBXBuildFile; fileRef = F135D6572534647000D74201 /* Assets.xcassets */; };
		F135D65B2534647000D74201 /* LaunchScreen.storyboard in Resources */ = {isa = PBXBuildFile; fileRef = F135D6592534647000D74201 /* LaunchScreen.storyboard */; };
		F17B3C1A2538BFDB004767D0 /* Pods_CAFS.framework in Frameworks */ = {isa = PBXBuildFile; fileRef = 58DD20CBEF5B2D5055914C2D /* Pods_CAFS.framework */; };
		F17B3C1B2538BFDB004767D0 /* Pods_CAFS.framework in Embed Frameworks */ = {isa = PBXBuildFile; fileRef = 58DD20CBEF5B2D5055914C2D /* Pods_CAFS.framework */; settings = {ATTRIBUTES = (CodeSignOnCopy, RemoveHeadersOnCopy, ); }; };
		F18367D525546CC100664294 /* CheckBoxButton.swift in Sources */ = {isa = PBXBuildFile; fileRef = F18367D425546CC100664294 /* CheckBoxButton.swift */; };
		F1AB3195253999BA00F8172D /* GoogleService-Info.plist in Resources */ = {isa = PBXBuildFile; fileRef = F1AB3194253999BA00F8172D /* GoogleService-Info.plist */; };
/* End PBXBuildFile section */

/* Begin PBXCopyFilesBuildPhase section */
		F17B3C1C2538BFDC004767D0 /* Embed Frameworks */ = {
			isa = PBXCopyFilesBuildPhase;
			buildActionMask = 8;
			dstPath = "";
			dstSubfolderSpec = 10;
			files = (
				F17B3C1B2538BFDB004767D0 /* Pods_CAFS.framework in Embed Frameworks */,
			);
			name = "Embed Frameworks";
			runOnlyForDeploymentPostprocessing = 1;
		};
/* End PBXCopyFilesBuildPhase section */

/* Begin PBXFileReference section */
		2D65339E6538AE487697171F /* Pods-CAFS.debug.xcconfig */ = {isa = PBXFileReference; includeInIndex = 1; lastKnownFileType = text.xcconfig; name = "Pods-CAFS.debug.xcconfig"; path = "Target Support Files/Pods-CAFS/Pods-CAFS.debug.xcconfig"; sourceTree = "<group>"; };
		58DD20CBEF5B2D5055914C2D /* Pods_CAFS.framework */ = {isa = PBXFileReference; explicitFileType = wrapper.framework; includeInIndex = 0; path = Pods_CAFS.framework; sourceTree = BUILT_PRODUCTS_DIR; };
		79186C26254819BF00B084E2 /* FirestoreManager.swift */ = {isa = PBXFileReference; lastKnownFileType = sourcecode.swift; name = FirestoreManager.swift; path = CAFS/CoreLayer/FirestoreManager.swift; sourceTree = SOURCE_ROOT; };
		799359C1255AC3D500D5A16D /* ProfileViewController.swift */ = {isa = PBXFileReference; lastKnownFileType = sourcecode.swift; path = ProfileViewController.swift; sourceTree = "<group>"; };
		79A6079E255C324900EBF9AE /* MainTabBarController.swift */ = {isa = PBXFileReference; lastKnownFileType = sourcecode.swift; path = MainTabBarController.swift; sourceTree = "<group>"; };
		79A607A0255C38AE00EBF9AE /* ChatViewController.swift */ = {isa = PBXFileReference; lastKnownFileType = sourcecode.swift; path = ChatViewController.swift; sourceTree = "<group>"; };
		79A607A2255C393F00EBF9AE /* MainScreenViewController.swift */ = {isa = PBXFileReference; lastKnownFileType = sourcecode.swift; path = MainScreenViewController.swift; sourceTree = "<group>"; };
		79EC01A8255C66C7006821D7 /* NavigationViewController.swift */ = {isa = PBXFileReference; lastKnownFileType = sourcecode.swift; path = NavigationViewController.swift; sourceTree = "<group>"; };
		BD109C2A2545EA0800EA76D6 /* CoreAssembly.swift */ = {isa = PBXFileReference; lastKnownFileType = sourcecode.swift; path = CoreAssembly.swift; sourceTree = "<group>"; };
		BD109C2C2545EA2300EA76D6 /* ServicesAssembly.swift */ = {isa = PBXFileReference; lastKnownFileType = sourcecode.swift; path = ServicesAssembly.swift; sourceTree = "<group>"; };
		BD109C2E2545EA3500EA76D6 /* PresentationAssembly.swift */ = {isa = PBXFileReference; lastKnownFileType = sourcecode.swift; path = PresentationAssembly.swift; sourceTree = "<group>"; };
		BD109C342545EACC00EA76D6 /* UIColor+Utils.swift */ = {isa = PBXFileReference; lastKnownFileType = sourcecode.swift; path = "UIColor+Utils.swift"; sourceTree = "<group>"; };
		BD8109662545F54E000CC4E4 /* HseStyleButton.swift */ = {isa = PBXFileReference; lastKnownFileType = sourcecode.swift; path = HseStyleButton.swift; sourceTree = "<group>"; };
		BD89ED4025570CCC00F20B4B /* RootAssembly.swift */ = {isa = PBXFileReference; lastKnownFileType = sourcecode.swift; path = RootAssembly.swift; sourceTree = "<group>"; };
		BD89ED422557119A00F20B4B /* UIViewController+Utils.swift */ = {isa = PBXFileReference; lastKnownFileType = sourcecode.swift; path = "UIViewController+Utils.swift"; sourceTree = "<group>"; };
		BD89ED452557125000F20B4B /* LoginViewModel.swift */ = {isa = PBXFileReference; lastKnownFileType = sourcecode.swift; path = LoginViewModel.swift; sourceTree = "<group>"; };
		C21113D4255AE795005CB68F /* PersonalData.swift */ = {isa = PBXFileReference; lastKnownFileType = sourcecode.swift; path = PersonalData.swift; sourceTree = "<group>"; };
		C21113D6255B0840005CB68F /* Hasher.swift */ = {isa = PBXFileReference; lastKnownFileType = sourcecode.swift; path = Hasher.swift; sourceTree = "<group>"; };
		C23F0E782559B632008EC202 /* LoginViewController.swift */ = {isa = PBXFileReference; lastKnownFileType = sourcecode.swift; path = LoginViewController.swift; sourceTree = "<group>"; };
		F12C2EFE2553328600C26AED /* UnderlineTextField.swift */ = {isa = PBXFileReference; lastKnownFileType = sourcecode.swift; path = UnderlineTextField.swift; sourceTree = "<group>"; };
		F1326E192548A67800D317DE /* RegistrationViewController.swift */ = {isa = PBXFileReference; lastKnownFileType = sourcecode.swift; path = RegistrationViewController.swift; sourceTree = "<group>"; };
		F135D64B2534646F00D74201 /* CAFS.app */ = {isa = PBXFileReference; explicitFileType = wrapper.application; includeInIndex = 0; path = CAFS.app; sourceTree = BUILT_PRODUCTS_DIR; };
		F135D64E2534646F00D74201 /* AppDelegate.swift */ = {isa = PBXFileReference; lastKnownFileType = sourcecode.swift; path = AppDelegate.swift; sourceTree = "<group>"; };
		F135D6572534647000D74201 /* Assets.xcassets */ = {isa = PBXFileReference; lastKnownFileType = folder.assetcatalog; path = Assets.xcassets; sourceTree = "<group>"; };
		F135D65A2534647000D74201 /* Base */ = {isa = PBXFileReference; lastKnownFileType = file.storyboard; name = Base; path = Base.lproj/LaunchScreen.storyboard; sourceTree = "<group>"; };
		F135D65C2534647000D74201 /* Info.plist */ = {isa = PBXFileReference; lastKnownFileType = text.plist.xml; path = Info.plist; sourceTree = "<group>"; };
		F18367D425546CC100664294 /* CheckBoxButton.swift */ = {isa = PBXFileReference; lastKnownFileType = sourcecode.swift; path = CheckBoxButton.swift; sourceTree = "<group>"; };
		F1AB3194253999BA00F8172D /* GoogleService-Info.plist */ = {isa = PBXFileReference; fileEncoding = 4; lastKnownFileType = text.plist.xml; path = "GoogleService-Info.plist"; sourceTree = "<group>"; };
		F68302174D511A9DD34B24C7 /* Pods-CAFS.release.xcconfig */ = {isa = PBXFileReference; includeInIndex = 1; lastKnownFileType = text.xcconfig; name = "Pods-CAFS.release.xcconfig"; path = "Target Support Files/Pods-CAFS/Pods-CAFS.release.xcconfig"; sourceTree = "<group>"; };
/* End PBXFileReference section */

/* Begin PBXFrameworksBuildPhase section */
		F135D6482534646F00D74201 /* Frameworks */ = {
			isa = PBXFrameworksBuildPhase;
			buildActionMask = 2147483647;
			files = (
				F17B3C1A2538BFDB004767D0 /* Pods_CAFS.framework in Frameworks */,
			);
			runOnlyForDeploymentPostprocessing = 0;
		};
/* End PBXFrameworksBuildPhase section */

/* Begin PBXGroup section */
		8BBAC995A5D38EBF4C5A6775 /* Frameworks */ = {
			isa = PBXGroup;
			children = (
				58DD20CBEF5B2D5055914C2D /* Pods_CAFS.framework */,
			);
			name = Frameworks;
			sourceTree = "<group>";
		};
		BD109C302545EA3A00EA76D6 /* PresentationLayer */ = {
			isa = PBXGroup;
			children = (
				BD89ED442557123C00F20B4B /* LoginScreen */,
				F1326E192548A67800D317DE /* RegistrationViewController.swift */,
				79A6079E255C324900EBF9AE /* MainTabBarController.swift */,
				79EC01A8255C66C7006821D7 /* NavigationViewController.swift */,
				79A607A2255C393F00EBF9AE /* MainScreenViewController.swift */,
				79A607A0255C38AE00EBF9AE /* ChatViewController.swift */,
				799359C1255AC3D500D5A16D /* ProfileViewController.swift */,
				BD109C2E2545EA3500EA76D6 /* PresentationAssembly.swift */,
				BD109C362545EAD900EA76D6 /* Utils */,
				BD8109682545F558000CC4E4 /* CustomElements */,
				C21113D4255AE795005CB68F /* PersonalData.swift */,
			);
			path = PresentationLayer;
			sourceTree = "<group>";
		};
		BD109C312545EA4300EA76D6 /* ServiceLayer */ = {
			isa = PBXGroup;
			children = (
				BD109C2C2545EA2300EA76D6 /* ServicesAssembly.swift */,
			);
			path = ServiceLayer;
			sourceTree = "<group>";
		};
		BD109C322545EA4C00EA76D6 /* CoreLayer */ = {
			isa = PBXGroup;
			children = (
				79186C26254819BF00B084E2 /* FirestoreManager.swift */,
				BD109C2A2545EA0800EA76D6 /* CoreAssembly.swift */,
				C21113D6255B0840005CB68F /* Hasher.swift */,
			);
			path = CoreLayer;
			sourceTree = "<group>";
		};
		BD109C332545EA6A00EA76D6 /* AppResources */ = {
			isa = PBXGroup;
			children = (
				F135D64E2534646F00D74201 /* AppDelegate.swift */,
				F1AB3194253999BA00F8172D /* GoogleService-Info.plist */,
				F135D6572534647000D74201 /* Assets.xcassets */,
				F135D6592534647000D74201 /* LaunchScreen.storyboard */,
				F135D65C2534647000D74201 /* Info.plist */,
			);
			path = AppResources;
			sourceTree = "<group>";
		};
		BD109C362545EAD900EA76D6 /* Utils */ = {
			isa = PBXGroup;
			children = (
				BD109C342545EACC00EA76D6 /* UIColor+Utils.swift */,
				BD89ED422557119A00F20B4B /* UIViewController+Utils.swift */,
			);
			path = Utils;
			sourceTree = "<group>";
		};
		BD8109682545F558000CC4E4 /* CustomElements */ = {
			isa = PBXGroup;
			children = (
				BD8109662545F54E000CC4E4 /* HseStyleButton.swift */,
				F12C2EFE2553328600C26AED /* UnderlineTextField.swift */,
				F18367D425546CC100664294 /* CheckBoxButton.swift */,
			);
			path = CustomElements;
			sourceTree = "<group>";
		};
		BD89ED442557123C00F20B4B /* LoginScreen */ = {
			isa = PBXGroup;
			children = (
				BD89ED452557125000F20B4B /* LoginViewModel.swift */,
				C23F0E782559B632008EC202 /* LoginViewController.swift */,
			);
			path = LoginScreen;
			sourceTree = "<group>";
		};
		EE11FB2331BCB59B6FE89A67 /* Pods */ = {
			isa = PBXGroup;
			children = (
				2D65339E6538AE487697171F /* Pods-CAFS.debug.xcconfig */,
				F68302174D511A9DD34B24C7 /* Pods-CAFS.release.xcconfig */,
			);
			path = Pods;
			sourceTree = "<group>";
		};
		F135D6422534646F00D74201 = {
			isa = PBXGroup;
			children = (
				F135D64D2534646F00D74201 /* CAFS */,
				F135D64C2534646F00D74201 /* Products */,
				EE11FB2331BCB59B6FE89A67 /* Pods */,
				8BBAC995A5D38EBF4C5A6775 /* Frameworks */,
			);
			sourceTree = "<group>";
		};
		F135D64C2534646F00D74201 /* Products */ = {
			isa = PBXGroup;
			children = (
				F135D64B2534646F00D74201 /* CAFS.app */,
			);
			name = Products;
			sourceTree = "<group>";
		};
		F135D64D2534646F00D74201 /* CAFS */ = {
			isa = PBXGroup;
			children = (
				BD109C332545EA6A00EA76D6 /* AppResources */,
				BD109C302545EA3A00EA76D6 /* PresentationLayer */,
				BD109C312545EA4300EA76D6 /* ServiceLayer */,
				BD109C322545EA4C00EA76D6 /* CoreLayer */,
				BD89ED4025570CCC00F20B4B /* RootAssembly.swift */,
			);
			path = CAFS;
			sourceTree = "<group>";
		};
/* End PBXGroup section */

/* Begin PBXNativeTarget section */
		F135D64A2534646F00D74201 /* CAFS */ = {
			isa = PBXNativeTarget;
			buildConfigurationList = F135D65F2534647000D74201 /* Build configuration list for PBXNativeTarget "CAFS" */;
			buildPhases = (
				71DEC8D7367444333A985729 /* [CP] Check Pods Manifest.lock */,
				F135D6472534646F00D74201 /* Sources */,
				F135D6482534646F00D74201 /* Frameworks */,
				F135D6492534646F00D74201 /* Resources */,
				A5FE43506630C3E2D70B4C96 /* [CP] Embed Pods Frameworks */,
				F17B3C1C2538BFDC004767D0 /* Embed Frameworks */,
			);
			buildRules = (
			);
			dependencies = (
			);
			name = CAFS;
			productName = CAFS;
			productReference = F135D64B2534646F00D74201 /* CAFS.app */;
			productType = "com.apple.product-type.application";
		};
/* End PBXNativeTarget section */

/* Begin PBXProject section */
		F135D6432534646F00D74201 /* Project object */ = {
			isa = PBXProject;
			attributes = {
				LastSwiftUpdateCheck = 1200;
				LastUpgradeCheck = 1200;
				TargetAttributes = {
					F135D64A2534646F00D74201 = {
						CreatedOnToolsVersion = 12.0;
					};
				};
			};
			buildConfigurationList = F135D6462534646F00D74201 /* Build configuration list for PBXProject "CAFS" */;
			compatibilityVersion = "Xcode 9.3";
			developmentRegion = en;
			hasScannedForEncodings = 0;
			knownRegions = (
				en,
				Base,
			);
			mainGroup = F135D6422534646F00D74201;
			productRefGroup = F135D64C2534646F00D74201 /* Products */;
			projectDirPath = "";
			projectRoot = "";
			targets = (
				F135D64A2534646F00D74201 /* CAFS */,
			);
		};
/* End PBXProject section */

/* Begin PBXResourcesBuildPhase section */
		F135D6492534646F00D74201 /* Resources */ = {
			isa = PBXResourcesBuildPhase;
			buildActionMask = 2147483647;
			files = (
				F135D65B2534647000D74201 /* LaunchScreen.storyboard in Resources */,
				F1AB3195253999BA00F8172D /* GoogleService-Info.plist in Resources */,
				F135D6582534647000D74201 /* Assets.xcassets in Resources */,
			);
			runOnlyForDeploymentPostprocessing = 0;
		};
/* End PBXResourcesBuildPhase section */

/* Begin PBXShellScriptBuildPhase section */
		71DEC8D7367444333A985729 /* [CP] Check Pods Manifest.lock */ = {
			isa = PBXShellScriptBuildPhase;
			buildActionMask = 2147483647;
			files = (
			);
			inputFileListPaths = (
			);
			inputPaths = (
				"${PODS_PODFILE_DIR_PATH}/Podfile.lock",
				"${PODS_ROOT}/Manifest.lock",
			);
			name = "[CP] Check Pods Manifest.lock";
			outputFileListPaths = (
			);
			outputPaths = (
				"$(DERIVED_FILE_DIR)/Pods-CAFS-checkManifestLockResult.txt",
			);
			runOnlyForDeploymentPostprocessing = 0;
			shellPath = /bin/sh;
			shellScript = "diff \"${PODS_PODFILE_DIR_PATH}/Podfile.lock\" \"${PODS_ROOT}/Manifest.lock\" > /dev/null\nif [ $? != 0 ] ; then\n    # print error to STDERR\n    echo \"error: The sandbox is not in sync with the Podfile.lock. Run 'pod install' or update your CocoaPods installation.\" >&2\n    exit 1\nfi\n# This output is used by Xcode 'outputs' to avoid re-running this script phase.\necho \"SUCCESS\" > \"${SCRIPT_OUTPUT_FILE_0}\"\n";
			showEnvVarsInLog = 0;
		};
		A5FE43506630C3E2D70B4C96 /* [CP] Embed Pods Frameworks */ = {
			isa = PBXShellScriptBuildPhase;
			buildActionMask = 2147483647;
			files = (
			);
			inputFileListPaths = (
				"${PODS_ROOT}/Target Support Files/Pods-CAFS/Pods-CAFS-frameworks-${CONFIGURATION}-input-files.xcfilelist",
			);
			name = "[CP] Embed Pods Frameworks";
			outputFileListPaths = (
				"${PODS_ROOT}/Target Support Files/Pods-CAFS/Pods-CAFS-frameworks-${CONFIGURATION}-output-files.xcfilelist",
			);
			runOnlyForDeploymentPostprocessing = 0;
			shellPath = /bin/sh;
			shellScript = "\"${PODS_ROOT}/Target Support Files/Pods-CAFS/Pods-CAFS-frameworks.sh\"\n";
			showEnvVarsInLog = 0;
		};
/* End PBXShellScriptBuildPhase section */

/* Begin PBXSourcesBuildPhase section */
		F135D6472534646F00D74201 /* Sources */ = {
			isa = PBXSourcesBuildPhase;
			buildActionMask = 2147483647;
			files = (
				C23F0E792559B632008EC202 /* LoginViewController.swift in Sources */,
				BD109C352545EACC00EA76D6 /* UIColor+Utils.swift in Sources */,
				79A6079F255C324900EBF9AE /* MainTabBarController.swift in Sources */,
				BD89ED462557125000F20B4B /* LoginViewModel.swift in Sources */,
				F1326E1A2548A67800D317DE /* RegistrationViewController.swift in Sources */,
				79A607A3255C393F00EBF9AE /* MainScreenViewController.swift in Sources */,
				BD109C2D2545EA2300EA76D6 /* ServicesAssembly.swift in Sources */,
				BD8109672545F54E000CC4E4 /* HseStyleButton.swift in Sources */,
				BD89ED432557119A00F20B4B /* UIViewController+Utils.swift in Sources */,
				BD89ED4125570CCC00F20B4B /* RootAssembly.swift in Sources */,
				BD109C2F2545EA3500EA76D6 /* PresentationAssembly.swift in Sources */,
				F12C2EFF2553328600C26AED /* UnderlineTextField.swift in Sources */,
				79EC01A9255C66C7006821D7 /* NavigationViewController.swift in Sources */,
				79A607A1255C38AE00EBF9AE /* ChatViewController.swift in Sources */,
				F18367D525546CC100664294 /* CheckBoxButton.swift in Sources */,
				C21113D5255AE795005CB68F /* PersonalData.swift in Sources */,
				BD109C2B2545EA0800EA76D6 /* CoreAssembly.swift in Sources */,
				C21113D7255B0840005CB68F /* Hasher.swift in Sources */,
				799359C2255AC3D500D5A16D /* ProfileViewController.swift in Sources */,
				F135D64F2534646F00D74201 /* AppDelegate.swift in Sources */,
				79186C27254819BF00B084E2 /* FirestoreManager.swift in Sources */,
			);
			runOnlyForDeploymentPostprocessing = 0;
		};
/* End PBXSourcesBuildPhase section */

/* Begin PBXVariantGroup section */
		F135D6592534647000D74201 /* LaunchScreen.storyboard */ = {
			isa = PBXVariantGroup;
			children = (
				F135D65A2534647000D74201 /* Base */,
			);
			name = LaunchScreen.storyboard;
			sourceTree = "<group>";
		};
/* End PBXVariantGroup section */

/* Begin XCBuildConfiguration section */
		F135D65D2534647000D74201 /* Debug */ = {
			isa = XCBuildConfiguration;
			buildSettings = {
				ALWAYS_SEARCH_USER_PATHS = NO;
				CLANG_ANALYZER_NONNULL = YES;
				CLANG_ANALYZER_NUMBER_OBJECT_CONVERSION = YES_AGGRESSIVE;
				CLANG_CXX_LANGUAGE_STANDARD = "gnu++14";
				CLANG_CXX_LIBRARY = "libc++";
				CLANG_ENABLE_MODULES = YES;
				CLANG_ENABLE_OBJC_ARC = YES;
				CLANG_ENABLE_OBJC_WEAK = YES;
				CLANG_WARN_BLOCK_CAPTURE_AUTORELEASING = YES;
				CLANG_WARN_BOOL_CONVERSION = YES;
				CLANG_WARN_COMMA = YES;
				CLANG_WARN_CONSTANT_CONVERSION = YES;
				CLANG_WARN_DEPRECATED_OBJC_IMPLEMENTATIONS = YES;
				CLANG_WARN_DIRECT_OBJC_ISA_USAGE = YES_ERROR;
				CLANG_WARN_DOCUMENTATION_COMMENTS = YES;
				CLANG_WARN_EMPTY_BODY = YES;
				CLANG_WARN_ENUM_CONVERSION = YES;
				CLANG_WARN_INFINITE_RECURSION = YES;
				CLANG_WARN_INT_CONVERSION = YES;
				CLANG_WARN_NON_LITERAL_NULL_CONVERSION = YES;
				CLANG_WARN_OBJC_IMPLICIT_RETAIN_SELF = YES;
				CLANG_WARN_OBJC_LITERAL_CONVERSION = YES;
				CLANG_WARN_OBJC_ROOT_CLASS = YES_ERROR;
				CLANG_WARN_QUOTED_INCLUDE_IN_FRAMEWORK_HEADER = YES;
				CLANG_WARN_RANGE_LOOP_ANALYSIS = YES;
				CLANG_WARN_STRICT_PROTOTYPES = YES;
				CLANG_WARN_SUSPICIOUS_MOVE = YES;
				CLANG_WARN_UNGUARDED_AVAILABILITY = YES_AGGRESSIVE;
				CLANG_WARN_UNREACHABLE_CODE = YES;
				CLANG_WARN__DUPLICATE_METHOD_MATCH = YES;
				COPY_PHASE_STRIP = NO;
				DEBUG_INFORMATION_FORMAT = dwarf;
				ENABLE_STRICT_OBJC_MSGSEND = YES;
				ENABLE_TESTABILITY = YES;
				GCC_C_LANGUAGE_STANDARD = gnu11;
				GCC_DYNAMIC_NO_PIC = NO;
				GCC_NO_COMMON_BLOCKS = YES;
				GCC_OPTIMIZATION_LEVEL = 0;
				GCC_PREPROCESSOR_DEFINITIONS = (
					"DEBUG=1",
					"$(inherited)",
				);
				GCC_WARN_64_TO_32_BIT_CONVERSION = YES;
				GCC_WARN_ABOUT_RETURN_TYPE = YES_ERROR;
				GCC_WARN_UNDECLARED_SELECTOR = YES;
				GCC_WARN_UNINITIALIZED_AUTOS = YES_AGGRESSIVE;
				GCC_WARN_UNUSED_FUNCTION = YES;
				GCC_WARN_UNUSED_VARIABLE = YES;
				IPHONEOS_DEPLOYMENT_TARGET = 12.0;
				MTL_ENABLE_DEBUG_INFO = INCLUDE_SOURCE;
				MTL_FAST_MATH = YES;
				ONLY_ACTIVE_ARCH = YES;
				SDKROOT = iphoneos;
				SWIFT_ACTIVE_COMPILATION_CONDITIONS = DEBUG;
				SWIFT_OPTIMIZATION_LEVEL = "-Onone";
			};
			name = Debug;
		};
		F135D65E2534647000D74201 /* Release */ = {
			isa = XCBuildConfiguration;
			buildSettings = {
				ALWAYS_SEARCH_USER_PATHS = NO;
				CLANG_ANALYZER_NONNULL = YES;
				CLANG_ANALYZER_NUMBER_OBJECT_CONVERSION = YES_AGGRESSIVE;
				CLANG_CXX_LANGUAGE_STANDARD = "gnu++14";
				CLANG_CXX_LIBRARY = "libc++";
				CLANG_ENABLE_MODULES = YES;
				CLANG_ENABLE_OBJC_ARC = YES;
				CLANG_ENABLE_OBJC_WEAK = YES;
				CLANG_WARN_BLOCK_CAPTURE_AUTORELEASING = YES;
				CLANG_WARN_BOOL_CONVERSION = YES;
				CLANG_WARN_COMMA = YES;
				CLANG_WARN_CONSTANT_CONVERSION = YES;
				CLANG_WARN_DEPRECATED_OBJC_IMPLEMENTATIONS = YES;
				CLANG_WARN_DIRECT_OBJC_ISA_USAGE = YES_ERROR;
				CLANG_WARN_DOCUMENTATION_COMMENTS = YES;
				CLANG_WARN_EMPTY_BODY = YES;
				CLANG_WARN_ENUM_CONVERSION = YES;
				CLANG_WARN_INFINITE_RECURSION = YES;
				CLANG_WARN_INT_CONVERSION = YES;
				CLANG_WARN_NON_LITERAL_NULL_CONVERSION = YES;
				CLANG_WARN_OBJC_IMPLICIT_RETAIN_SELF = YES;
				CLANG_WARN_OBJC_LITERAL_CONVERSION = YES;
				CLANG_WARN_OBJC_ROOT_CLASS = YES_ERROR;
				CLANG_WARN_QUOTED_INCLUDE_IN_FRAMEWORK_HEADER = YES;
				CLANG_WARN_RANGE_LOOP_ANALYSIS = YES;
				CLANG_WARN_STRICT_PROTOTYPES = YES;
				CLANG_WARN_SUSPICIOUS_MOVE = YES;
				CLANG_WARN_UNGUARDED_AVAILABILITY = YES_AGGRESSIVE;
				CLANG_WARN_UNREACHABLE_CODE = YES;
				CLANG_WARN__DUPLICATE_METHOD_MATCH = YES;
				COPY_PHASE_STRIP = NO;
				DEBUG_INFORMATION_FORMAT = "dwarf-with-dsym";
				ENABLE_NS_ASSERTIONS = NO;
				ENABLE_STRICT_OBJC_MSGSEND = YES;
				GCC_C_LANGUAGE_STANDARD = gnu11;
				GCC_NO_COMMON_BLOCKS = YES;
				GCC_WARN_64_TO_32_BIT_CONVERSION = YES;
				GCC_WARN_ABOUT_RETURN_TYPE = YES_ERROR;
				GCC_WARN_UNDECLARED_SELECTOR = YES;
				GCC_WARN_UNINITIALIZED_AUTOS = YES_AGGRESSIVE;
				GCC_WARN_UNUSED_FUNCTION = YES;
				GCC_WARN_UNUSED_VARIABLE = YES;
				IPHONEOS_DEPLOYMENT_TARGET = 12.0;
				MTL_ENABLE_DEBUG_INFO = NO;
				MTL_FAST_MATH = YES;
				SDKROOT = iphoneos;
				SWIFT_COMPILATION_MODE = wholemodule;
				SWIFT_OPTIMIZATION_LEVEL = "-O";
				VALIDATE_PRODUCT = YES;
			};
			name = Release;
		};
		F135D6602534647000D74201 /* Debug */ = {
			isa = XCBuildConfiguration;
			baseConfigurationReference = 2D65339E6538AE487697171F /* Pods-CAFS.debug.xcconfig */;
			buildSettings = {
				ASSETCATALOG_COMPILER_APPICON_NAME = AppIcon;
				ASSETCATALOG_COMPILER_GLOBAL_ACCENT_COLOR_NAME = AccentColor;
				CODE_SIGN_STYLE = Automatic;
				INFOPLIST_FILE = CAFS/AppResources/Info.plist;
				IPHONEOS_DEPLOYMENT_TARGET = 13.0;
				LD_RUNPATH_SEARCH_PATHS = (
					"$(inherited)",
					"@executable_path/Frameworks",
				);
				PRODUCT_BUNDLE_IDENTIFIER = com.MailCourses.CAFS;
				PRODUCT_NAME = "$(TARGET_NAME)";
				SWIFT_VERSION = 5.0;
				TARGETED_DEVICE_FAMILY = 1;
			};
			name = Debug;
		};
		F135D6612534647000D74201 /* Release */ = {
			isa = XCBuildConfiguration;
			baseConfigurationReference = F68302174D511A9DD34B24C7 /* Pods-CAFS.release.xcconfig */;
			buildSettings = {
				ASSETCATALOG_COMPILER_APPICON_NAME = AppIcon;
				ASSETCATALOG_COMPILER_GLOBAL_ACCENT_COLOR_NAME = AccentColor;
				CODE_SIGN_STYLE = Automatic;
				INFOPLIST_FILE = CAFS/AppResources/Info.plist;
				IPHONEOS_DEPLOYMENT_TARGET = 13.0;
				LD_RUNPATH_SEARCH_PATHS = (
					"$(inherited)",
					"@executable_path/Frameworks",
				);
				PRODUCT_BUNDLE_IDENTIFIER = com.MailCourses.CAFS;
				PRODUCT_NAME = "$(TARGET_NAME)";
				SWIFT_VERSION = 5.0;
				TARGETED_DEVICE_FAMILY = 1;
			};
			name = Release;
		};
/* End XCBuildConfiguration section */

/* Begin XCConfigurationList section */
		F135D6462534646F00D74201 /* Build configuration list for PBXProject "CAFS" */ = {
			isa = XCConfigurationList;
			buildConfigurations = (
				F135D65D2534647000D74201 /* Debug */,
				F135D65E2534647000D74201 /* Release */,
			);
			defaultConfigurationIsVisible = 0;
			defaultConfigurationName = Release;
		};
		F135D65F2534647000D74201 /* Build configuration list for PBXNativeTarget "CAFS" */ = {
			isa = XCConfigurationList;
			buildConfigurations = (
				F135D6602534647000D74201 /* Debug */,
				F135D6612534647000D74201 /* Release */,
			);
			defaultConfigurationIsVisible = 0;
			defaultConfigurationName = Release;
		};
/* End XCConfigurationList section */
	};
	rootObject = F135D6432534646F00D74201 /* Project object */;
}
